// !$*UTF8*$!
{
	archiveVersion = 1;
	classes = {
	};
	objectVersion = 50;
	objects = {

/* Begin PBXBuildFile section */
		C210E1E920A8A318002C2C5C /* AppDelegate.swift in Sources */ = {isa = PBXBuildFile; fileRef = C210E1E120A8A317002C2C5C /* AppDelegate.swift */; };
		C210E1EA20A8A318002C2C5C /* Assets.xcassets in Resources */ = {isa = PBXBuildFile; fileRef = C210E1E420A8A317002C2C5C /* Assets.xcassets */; };
		C210E1EB20A8A318002C2C5C /* LaunchScreen.storyboard in Resources */ = {isa = PBXBuildFile; fileRef = C210E1E620A8A317002C2C5C /* LaunchScreen.storyboard */; };
		C22F3E1820AF6535000411CB /* NewsDetailsAssembly.swift in Sources */ = {isa = PBXBuildFile; fileRef = C22F3E1120AF6535000411CB /* NewsDetailsAssembly.swift */; };
		C22F3E1920AF6535000411CB /* NewsDetails.swift in Sources */ = {isa = PBXBuildFile; fileRef = C22F3E1220AF6535000411CB /* NewsDetails.swift */; };
		C22F3E1A20AF6535000411CB /* NewsDetailsPresenter.swift in Sources */ = {isa = PBXBuildFile; fileRef = C22F3E1320AF6535000411CB /* NewsDetailsPresenter.swift */; };
		C22F3E1B20AF6535000411CB /* NewsDetailsInteractor.swift in Sources */ = {isa = PBXBuildFile; fileRef = C22F3E1420AF6535000411CB /* NewsDetailsInteractor.swift */; };
		C22F3E1C20AF6535000411CB /* NewsDetailsRouter.swift in Sources */ = {isa = PBXBuildFile; fileRef = C22F3E1520AF6535000411CB /* NewsDetailsRouter.swift */; };
		C22F3E1D20AF6535000411CB /* NewsDetails.storyboard in Resources */ = {isa = PBXBuildFile; fileRef = C22F3E1620AF6535000411CB /* NewsDetails.storyboard */; };
		C22F3E1E20AF6535000411CB /* NewsDetailsViewController.swift in Sources */ = {isa = PBXBuildFile; fileRef = C22F3E1720AF6535000411CB /* NewsDetailsViewController.swift */; };
		C2452B5920BACBD30067C4FE /* NewsListInteractorTests.swift in Sources */ = {isa = PBXBuildFile; fileRef = C2452B5820BACBD30067C4FE /* NewsListInteractorTests.swift */; };
		C2452B5F20BAF8A50067C4FE /* NewsListPresenterTests.swift in Sources */ = {isa = PBXBuildFile; fileRef = C2452B5E20BAF8A50067C4FE /* NewsListPresenterTests.swift */; };
		C2ACFE6B20AAD1B800CE76CF /* Assembly.swift in Sources */ = {isa = PBXBuildFile; fileRef = C2ACFE6A20AAD1B800CE76CF /* Assembly.swift */; };
		C2ACFE7020AAD3F300CE76CF /* NewsService.swift in Sources */ = {isa = PBXBuildFile; fileRef = C2ACFE6F20AAD3F300CE76CF /* NewsService.swift */; };
		C2ACFE7520AAD43500CE76CF /* News.swift in Sources */ = {isa = PBXBuildFile; fileRef = C2ACFE7420AAD43500CE76CF /* News.swift */; };
		C2ACFE7720AAD4FD00CE76CF /* NewsServiceImpl.swift in Sources */ = {isa = PBXBuildFile; fileRef = C2ACFE7620AAD4FD00CE76CF /* NewsServiceImpl.swift */; };
		C2ACFE7920AAD7E500CE76CF /* UITableView+Dequeueing.swift in Sources */ = {isa = PBXBuildFile; fileRef = C2ACFE7820AAD7E500CE76CF /* UITableView+Dequeueing.swift */; };
		C2ACFE7B20AAD82500CE76CF /* ReusableView.swift in Sources */ = {isa = PBXBuildFile; fileRef = C2ACFE7A20AAD82500CE76CF /* ReusableView.swift */; };
		C2ACFE8220AADDC800CE76CF /* NewsViewModel.swift in Sources */ = {isa = PBXBuildFile; fileRef = C2ACFE8120AADDC800CE76CF /* NewsViewModel.swift */; };
		C2BEA55B20AA28E60016C499 /* BaseModuleViewController.swift in Sources */ = {isa = PBXBuildFile; fileRef = C2BEA55A20AA28E60016C499 /* BaseModuleViewController.swift */; };
		C2BEA56520AA2A960016C499 /* NewsListAssembly.swift in Sources */ = {isa = PBXBuildFile; fileRef = C2BEA55E20AA2A960016C499 /* NewsListAssembly.swift */; };
		C2BEA56620AA2A960016C499 /* NewsList.swift in Sources */ = {isa = PBXBuildFile; fileRef = C2BEA55F20AA2A960016C499 /* NewsList.swift */; };
		C2BEA56720AA2A960016C499 /* NewsListPresenter.swift in Sources */ = {isa = PBXBuildFile; fileRef = C2BEA56020AA2A960016C499 /* NewsListPresenter.swift */; };
		C2BEA56820AA2A960016C499 /* NewsListInteractor.swift in Sources */ = {isa = PBXBuildFile; fileRef = C2BEA56120AA2A960016C499 /* NewsListInteractor.swift */; };
		C2BEA56920AA2A960016C499 /* NewsListRouter.swift in Sources */ = {isa = PBXBuildFile; fileRef = C2BEA56220AA2A960016C499 /* NewsListRouter.swift */; };
		C2BEA56A20AA2A960016C499 /* NewsList.storyboard in Resources */ = {isa = PBXBuildFile; fileRef = C2BEA56320AA2A960016C499 /* NewsList.storyboard */; };
		C2BEA56B20AA2A960016C499 /* NewsListViewController.swift in Sources */ = {isa = PBXBuildFile; fileRef = C2BEA56420AA2A960016C499 /* NewsListViewController.swift */; };
/* End PBXBuildFile section */

/* Begin PBXContainerItemProxy section */
		C2452B4D20BACB5B0067C4FE /* PBXContainerItemProxy */ = {
			isa = PBXContainerItemProxy;
			containerPortal = C210E1C220A8A25C002C2C5C /* Project object */;
			proxyType = 1;
			remoteGlobalIDString = C210E1C920A8A25C002C2C5C;
			remoteInfo = CleanSwiftNews;
		};
/* End PBXContainerItemProxy section */

/* Begin PBXFileReference section */
		C210E1CA20A8A25C002C2C5C /* CleanSwiftNews.app */ = {isa = PBXFileReference; explicitFileType = wrapper.application; includeInIndex = 0; path = CleanSwiftNews.app; sourceTree = BUILT_PRODUCTS_DIR; };
		C210E1E120A8A317002C2C5C /* AppDelegate.swift */ = {isa = PBXFileReference; fileEncoding = 4; lastKnownFileType = sourcecode.swift; path = AppDelegate.swift; sourceTree = "<group>"; };
		C210E1E420A8A317002C2C5C /* Assets.xcassets */ = {isa = PBXFileReference; lastKnownFileType = folder.assetcatalog; path = Assets.xcassets; sourceTree = "<group>"; };
		C210E1E720A8A317002C2C5C /* Base */ = {isa = PBXFileReference; lastKnownFileType = file.storyboard; name = Base; path = Base.lproj/LaunchScreen.storyboard; sourceTree = "<group>"; };
		C210E1E820A8A317002C2C5C /* Info.plist */ = {isa = PBXFileReference; fileEncoding = 4; lastKnownFileType = text.plist.xml; path = Info.plist; sourceTree = "<group>"; };
		C22F3E1120AF6535000411CB /* NewsDetailsAssembly.swift */ = {isa = PBXFileReference; lastKnownFileType = sourcecode.swift; path = NewsDetailsAssembly.swift; sourceTree = "<group>"; };
		C22F3E1220AF6535000411CB /* NewsDetails.swift */ = {isa = PBXFileReference; lastKnownFileType = sourcecode.swift; path = NewsDetails.swift; sourceTree = "<group>"; };
		C22F3E1320AF6535000411CB /* NewsDetailsPresenter.swift */ = {isa = PBXFileReference; lastKnownFileType = sourcecode.swift; path = NewsDetailsPresenter.swift; sourceTree = "<group>"; };
		C22F3E1420AF6535000411CB /* NewsDetailsInteractor.swift */ = {isa = PBXFileReference; lastKnownFileType = sourcecode.swift; path = NewsDetailsInteractor.swift; sourceTree = "<group>"; };
		C22F3E1520AF6535000411CB /* NewsDetailsRouter.swift */ = {isa = PBXFileReference; lastKnownFileType = sourcecode.swift; path = NewsDetailsRouter.swift; sourceTree = "<group>"; };
		C22F3E1620AF6535000411CB /* NewsDetails.storyboard */ = {isa = PBXFileReference; lastKnownFileType = file.storyboard; path = NewsDetails.storyboard; sourceTree = "<group>"; };
		C22F3E1720AF6535000411CB /* NewsDetailsViewController.swift */ = {isa = PBXFileReference; lastKnownFileType = sourcecode.swift; path = NewsDetailsViewController.swift; sourceTree = "<group>"; };
		C2452B4820BACB5B0067C4FE /* CleanSwiftNewsTests.xctest */ = {isa = PBXFileReference; explicitFileType = wrapper.cfbundle; includeInIndex = 0; path = CleanSwiftNewsTests.xctest; sourceTree = BUILT_PRODUCTS_DIR; };
		C2452B5320BACB970067C4FE /* Info.plist */ = {isa = PBXFileReference; fileEncoding = 4; lastKnownFileType = text.plist.xml; path = Info.plist; sourceTree = "<group>"; };
		C2452B5820BACBD30067C4FE /* NewsListInteractorTests.swift */ = {isa = PBXFileReference; lastKnownFileType = sourcecode.swift; path = NewsListInteractorTests.swift; sourceTree = "<group>"; };
		C2452B5E20BAF8A50067C4FE /* NewsListPresenterTests.swift */ = {isa = PBXFileReference; lastKnownFileType = sourcecode.swift; path = NewsListPresenterTests.swift; sourceTree = "<group>"; };
		C2ACFE6A20AAD1B800CE76CF /* Assembly.swift */ = {isa = PBXFileReference; lastKnownFileType = sourcecode.swift; path = Assembly.swift; sourceTree = "<group>"; };
		C2ACFE6F20AAD3F300CE76CF /* NewsService.swift */ = {isa = PBXFileReference; lastKnownFileType = sourcecode.swift; path = NewsService.swift; sourceTree = "<group>"; };
		C2ACFE7420AAD43500CE76CF /* News.swift */ = {isa = PBXFileReference; lastKnownFileType = sourcecode.swift; path = News.swift; sourceTree = "<group>"; };
		C2ACFE7620AAD4FD00CE76CF /* NewsServiceImpl.swift */ = {isa = PBXFileReference; lastKnownFileType = sourcecode.swift; path = NewsServiceImpl.swift; sourceTree = "<group>"; };
		C2ACFE7820AAD7E500CE76CF /* UITableView+Dequeueing.swift */ = {isa = PBXFileReference; lastKnownFileType = sourcecode.swift; path = "UITableView+Dequeueing.swift"; sourceTree = "<group>"; };
		C2ACFE7A20AAD82500CE76CF /* ReusableView.swift */ = {isa = PBXFileReference; lastKnownFileType = sourcecode.swift; path = ReusableView.swift; sourceTree = "<group>"; };
		C2ACFE8120AADDC800CE76CF /* NewsViewModel.swift */ = {isa = PBXFileReference; lastKnownFileType = sourcecode.swift; path = NewsViewModel.swift; sourceTree = "<group>"; };
		C2BEA55A20AA28E60016C499 /* BaseModuleViewController.swift */ = {isa = PBXFileReference; lastKnownFileType = sourcecode.swift; path = BaseModuleViewController.swift; sourceTree = "<group>"; };
		C2BEA55E20AA2A960016C499 /* NewsListAssembly.swift */ = {isa = PBXFileReference; lastKnownFileType = sourcecode.swift; path = NewsListAssembly.swift; sourceTree = "<group>"; };
		C2BEA55F20AA2A960016C499 /* NewsList.swift */ = {isa = PBXFileReference; lastKnownFileType = sourcecode.swift; path = NewsList.swift; sourceTree = "<group>"; };
		C2BEA56020AA2A960016C499 /* NewsListPresenter.swift */ = {isa = PBXFileReference; lastKnownFileType = sourcecode.swift; path = NewsListPresenter.swift; sourceTree = "<group>"; };
		C2BEA56120AA2A960016C499 /* NewsListInteractor.swift */ = {isa = PBXFileReference; lastKnownFileType = sourcecode.swift; path = NewsListInteractor.swift; sourceTree = "<group>"; };
		C2BEA56220AA2A960016C499 /* NewsListRouter.swift */ = {isa = PBXFileReference; lastKnownFileType = sourcecode.swift; path = NewsListRouter.swift; sourceTree = "<group>"; };
		C2BEA56320AA2A960016C499 /* NewsList.storyboard */ = {isa = PBXFileReference; lastKnownFileType = file.storyboard; path = NewsList.storyboard; sourceTree = "<group>"; };
		C2BEA56420AA2A960016C499 /* NewsListViewController.swift */ = {isa = PBXFileReference; lastKnownFileType = sourcecode.swift; path = NewsListViewController.swift; sourceTree = "<group>"; };
/* End PBXFileReference section */

/* Begin PBXFrameworksBuildPhase section */
		C210E1C720A8A25C002C2C5C /* Frameworks */ = {
			isa = PBXFrameworksBuildPhase;
			buildActionMask = 2147483647;
			files = (
			);
			runOnlyForDeploymentPostprocessing = 0;
		};
		C2452B4520BACB5B0067C4FE /* Frameworks */ = {
			isa = PBXFrameworksBuildPhase;
			buildActionMask = 2147483647;
			files = (
			);
			runOnlyForDeploymentPostprocessing = 0;
		};
/* End PBXFrameworksBuildPhase section */

/* Begin PBXGroup section */
		C210E1C120A8A25C002C2C5C = {
			isa = PBXGroup;
			children = (
				C210E1CC20A8A25C002C2C5C /* CleanSwiftNews */,
				C2452B4920BACB5B0067C4FE /* CleanSwiftNewsTests */,
				C210E1CB20A8A25C002C2C5C /* Products */,
			);
			indentWidth = 2;
			sourceTree = "<group>";
			tabWidth = 2;
		};
		C210E1CB20A8A25C002C2C5C /* Products */ = {
			isa = PBXGroup;
			children = (
				C210E1CA20A8A25C002C2C5C /* CleanSwiftNews.app */,
				C2452B4820BACB5B0067C4FE /* CleanSwiftNewsTests.xctest */,
			);
			name = Products;
			sourceTree = "<group>";
		};
		C210E1CC20A8A25C002C2C5C /* CleanSwiftNews */ = {
			isa = PBXGroup;
			children = (
				C210E1DF20A8A317002C2C5C /* Code */,
				C210E1E220A8A317002C2C5C /* Resources */,
				C210E1E520A8A317002C2C5C /* SupportingFiles */,
			);
			path = CleanSwiftNews;
			sourceTree = "<group>";
		};
		C210E1DF20A8A317002C2C5C /* Code */ = {
			isa = PBXGroup;
			children = (
				C210E1E020A8A317002C2C5C /* Application */,
				C2ACFE6C20AAD3E700CE76CF /* BusinessLogic */,
				C2BEA55720AA28150016C499 /* Presentation */,
				C2ACFE7C20AADD9A00CE76CF /* Utils */,
			);
			path = Code;
			sourceTree = "<group>";
		};
		C210E1E020A8A317002C2C5C /* Application */ = {
			isa = PBXGroup;
			children = (
				C210E1E120A8A317002C2C5C /* AppDelegate.swift */,
			);
			path = Application;
			sourceTree = "<group>";
		};
		C210E1E220A8A317002C2C5C /* Resources */ = {
			isa = PBXGroup;
			children = (
				C210E1E320A8A317002C2C5C /* Assets */,
			);
			path = Resources;
			sourceTree = "<group>";
		};
		C210E1E320A8A317002C2C5C /* Assets */ = {
			isa = PBXGroup;
			children = (
				C210E1E420A8A317002C2C5C /* Assets.xcassets */,
			);
			path = Assets;
			sourceTree = "<group>";
		};
		C210E1E520A8A317002C2C5C /* SupportingFiles */ = {
			isa = PBXGroup;
			children = (
				C210E1E620A8A317002C2C5C /* LaunchScreen.storyboard */,
				C210E1E820A8A317002C2C5C /* Info.plist */,
			);
			path = SupportingFiles;
			sourceTree = "<group>";
		};
		C22F3E1020AF6526000411CB /* NewsDetails */ = {
			isa = PBXGroup;
			children = (
				C22F3E1620AF6535000411CB /* NewsDetails.storyboard */,
				C22F3E1220AF6535000411CB /* NewsDetails.swift */,
				C22F3E1120AF6535000411CB /* NewsDetailsAssembly.swift */,
				C22F3E1420AF6535000411CB /* NewsDetailsInteractor.swift */,
				C22F3E1320AF6535000411CB /* NewsDetailsPresenter.swift */,
				C22F3E1520AF6535000411CB /* NewsDetailsRouter.swift */,
				C22F3E1720AF6535000411CB /* NewsDetailsViewController.swift */,
			);
			path = NewsDetails;
			sourceTree = "<group>";
		};
		C2452B4920BACB5B0067C4FE /* CleanSwiftNewsTests */ = {
			isa = PBXGroup;
			children = (
				C2452B5520BACB9F0067C4FE /* Code */,
				C2452B5220BACB970067C4FE /* SupportingFiles */,
			);
			path = CleanSwiftNewsTests;
			sourceTree = "<group>";
		};
		C2452B5220BACB970067C4FE /* SupportingFiles */ = {
			isa = PBXGroup;
			children = (
				C2452B5320BACB970067C4FE /* Info.plist */,
			);
			path = SupportingFiles;
			sourceTree = "<group>";
		};
		C2452B5520BACB9F0067C4FE /* Code */ = {
			isa = PBXGroup;
			children = (
				C2452B5620BACB9F0067C4FE /* Presentation */,
			);
			path = Code;
			sourceTree = "<group>";
		};
		C2452B5620BACB9F0067C4FE /* Presentation */ = {
			isa = PBXGroup;
			children = (
				C2452B5720BACB9F0067C4FE /* NewsList */,
			);
			path = Presentation;
			sourceTree = "<group>";
		};
		C2452B5720BACB9F0067C4FE /* NewsList */ = {
			isa = PBXGroup;
			children = (
				C2452B5820BACBD30067C4FE /* NewsListInteractorTests.swift */,
				C2452B5E20BAF8A50067C4FE /* NewsListPresenterTests.swift */,
			);
			path = NewsList;
			sourceTree = "<group>";
		};
		C2ACFE6C20AAD3E700CE76CF /* BusinessLogic */ = {
			isa = PBXGroup;
			children = (
				C2ACFE6D20AAD3E700CE76CF /* Service */,
			);
			path = BusinessLogic;
			sourceTree = "<group>";
		};
		C2ACFE6D20AAD3E700CE76CF /* Service */ = {
			isa = PBXGroup;
			children = (
				C2ACFE6E20AAD3E700CE76CF /* News */,
			);
			path = Service;
			sourceTree = "<group>";
		};
		C2ACFE6E20AAD3E700CE76CF /* News */ = {
			isa = PBXGroup;
			children = (
				C2ACFE7220AAD42900CE76CF /* Model */,
				C2ACFE7120AAD42900CE76CF /* Service */,
			);
			path = News;
			sourceTree = "<group>";
		};
		C2ACFE7120AAD42900CE76CF /* Service */ = {
			isa = PBXGroup;
			children = (
				C2ACFE6F20AAD3F300CE76CF /* NewsService.swift */,
				C2ACFE7620AAD4FD00CE76CF /* NewsServiceImpl.swift */,
			);
			path = Service;
			sourceTree = "<group>";
		};
		C2ACFE7220AAD42900CE76CF /* Model */ = {
			isa = PBXGroup;
			children = (
				C2ACFE7420AAD43500CE76CF /* News.swift */,
			);
			path = Model;
			sourceTree = "<group>";
		};
		C2ACFE7C20AADD9A00CE76CF /* Utils */ = {
			isa = PBXGroup;
			children = (
				C2ACFE7D20AADD9A00CE76CF /* CellRegistrationAndDequeueing */,
			);
			path = Utils;
			sourceTree = "<group>";
		};
		C2ACFE7D20AADD9A00CE76CF /* CellRegistrationAndDequeueing */ = {
			isa = PBXGroup;
			children = (
				C2ACFE7A20AAD82500CE76CF /* ReusableView.swift */,
				C2ACFE7820AAD7E500CE76CF /* UITableView+Dequeueing.swift */,
			);
			path = CellRegistrationAndDequeueing;
			sourceTree = "<group>";
		};
		C2ACFE7E20AADDB700CE76CF /* ViewModel */ = {
			isa = PBXGroup;
			children = (
				C2ACFE8120AADDC800CE76CF /* NewsViewModel.swift */,
			);
			path = ViewModel;
			sourceTree = "<group>";
		};
		C2ACFE7F20AADDB700CE76CF /* Assembly */ = {
			isa = PBXGroup;
			children = (
				C2ACFE6A20AAD1B800CE76CF /* Assembly.swift */,
			);
			path = Assembly;
			sourceTree = "<group>";
		};
		C2ACFE8020AADDB700CE76CF /* ViewController */ = {
			isa = PBXGroup;
			children = (
				C2BEA55A20AA28E60016C499 /* BaseModuleViewController.swift */,
			);
			path = ViewController;
			sourceTree = "<group>";
		};
		C2BEA55720AA28150016C499 /* Presentation */ = {
			isa = PBXGroup;
			children = (
				C2BEA55820AA28150016C499 /* Common */,
				C22F3E1020AF6526000411CB /* NewsDetails */,
				C2BEA55920AA28150016C499 /* NewsList */,
			);
			path = Presentation;
			sourceTree = "<group>";
		};
		C2BEA55820AA28150016C499 /* Common */ = {
			isa = PBXGroup;
			children = (
				C2ACFE7F20AADDB700CE76CF /* Assembly */,
				C2ACFE8020AADDB700CE76CF /* ViewController */,
				C2ACFE7E20AADDB700CE76CF /* ViewModel */,
			);
			path = Common;
			sourceTree = "<group>";
		};
		C2BEA55920AA28150016C499 /* NewsList */ = {
			isa = PBXGroup;
			children = (
				C2BEA56320AA2A960016C499 /* NewsList.storyboard */,
				C2BEA55F20AA2A960016C499 /* NewsList.swift */,
				C2BEA55E20AA2A960016C499 /* NewsListAssembly.swift */,
				C2BEA56120AA2A960016C499 /* NewsListInteractor.swift */,
				C2BEA56020AA2A960016C499 /* NewsListPresenter.swift */,
				C2BEA56220AA2A960016C499 /* NewsListRouter.swift */,
				C2BEA56420AA2A960016C499 /* NewsListViewController.swift */,
			);
			path = NewsList;
			sourceTree = "<group>";
		};
/* End PBXGroup section */

/* Begin PBXNativeTarget section */
		C210E1C920A8A25C002C2C5C /* CleanSwiftNews */ = {
			isa = PBXNativeTarget;
			buildConfigurationList = C210E1DC20A8A25E002C2C5C /* Build configuration list for PBXNativeTarget "CleanSwiftNews" */;
			buildPhases = (
				C210E1C620A8A25C002C2C5C /* Sources */,
				C210E1C720A8A25C002C2C5C /* Frameworks */,
				C210E1C820A8A25C002C2C5C /* Resources */,
				C20E940F20A8B57C00A512B2 /* SwiftLint */,
			);
			buildRules = (
			);
			dependencies = (
			);
			name = CleanSwiftNews;
			productName = CleanSwiftNews;
			productReference = C210E1CA20A8A25C002C2C5C /* CleanSwiftNews.app */;
			productType = "com.apple.product-type.application";
		};
		C2452B4720BACB5B0067C4FE /* CleanSwiftNewsTests */ = {
			isa = PBXNativeTarget;
			buildConfigurationList = C2452B5120BACB5B0067C4FE /* Build configuration list for PBXNativeTarget "CleanSwiftNewsTests" */;
			buildPhases = (
				C2452B4420BACB5B0067C4FE /* Sources */,
				C2452B4520BACB5B0067C4FE /* Frameworks */,
				C2452B4620BACB5B0067C4FE /* Resources */,
			);
			buildRules = (
			);
			dependencies = (
				C2452B4E20BACB5B0067C4FE /* PBXTargetDependency */,
			);
			name = CleanSwiftNewsTests;
			productName = CleanSwiftNewsTests;
			productReference = C2452B4820BACB5B0067C4FE /* CleanSwiftNewsTests.xctest */;
			productType = "com.apple.product-type.bundle.unit-test";
		};
/* End PBXNativeTarget section */

/* Begin PBXProject section */
		C210E1C220A8A25C002C2C5C /* Project object */ = {
			isa = PBXProject;
			attributes = {
				LastSwiftUpdateCheck = 0930;
				LastUpgradeCheck = 0930;
				ORGANIZATIONNAME = "Andrei Ogorodnikov";
				TargetAttributes = {
					C210E1C920A8A25C002C2C5C = {
						CreatedOnToolsVersion = 9.3;
					};
					C2452B4720BACB5B0067C4FE = {
						CreatedOnToolsVersion = 9.3.1;
						LastSwiftMigration = 0930;
						TestTargetID = C210E1C920A8A25C002C2C5C;
					};
				};
			};
			buildConfigurationList = C210E1C520A8A25C002C2C5C /* Build configuration list for PBXProject "CleanSwiftNews" */;
			compatibilityVersion = "Xcode 9.3";
			developmentRegion = en;
			hasScannedForEncodings = 0;
			knownRegions = (
				en,
				Base,
			);
			mainGroup = C210E1C120A8A25C002C2C5C;
			productRefGroup = C210E1CB20A8A25C002C2C5C /* Products */;
			projectDirPath = "";
			projectRoot = "";
			targets = (
				C210E1C920A8A25C002C2C5C /* CleanSwiftNews */,
				C2452B4720BACB5B0067C4FE /* CleanSwiftNewsTests */,
			);
		};
/* End PBXProject section */

/* Begin PBXResourcesBuildPhase section */
		C210E1C820A8A25C002C2C5C /* Resources */ = {
			isa = PBXResourcesBuildPhase;
			buildActionMask = 2147483647;
			files = (
				C210E1EA20A8A318002C2C5C /* Assets.xcassets in Resources */,
				C210E1EB20A8A318002C2C5C /* LaunchScreen.storyboard in Resources */,
				C2BEA56A20AA2A960016C499 /* NewsList.storyboard in Resources */,
				C22F3E1D20AF6535000411CB /* NewsDetails.storyboard in Resources */,
			);
			runOnlyForDeploymentPostprocessing = 0;
		};
		C2452B4620BACB5B0067C4FE /* Resources */ = {
			isa = PBXResourcesBuildPhase;
			buildActionMask = 2147483647;
			files = (
			);
			runOnlyForDeploymentPostprocessing = 0;
		};
/* End PBXResourcesBuildPhase section */

/* Begin PBXShellScriptBuildPhase section */
		C20E940F20A8B57C00A512B2 /* SwiftLint */ = {
			isa = PBXShellScriptBuildPhase;
			buildActionMask = 2147483647;
			files = (
			);
			inputPaths = (
			);
			name = SwiftLint;
			outputPaths = (
			);
			runOnlyForDeploymentPostprocessing = 0;
			shellPath = /bin/sh;
			shellScript = "if which swiftlint >/dev/null; then\nswiftlint --strict\nelse\necho \"warning: SwiftLint not installed, download from https://github.com/realm/SwiftLint\"\nfi";
		};
/* End PBXShellScriptBuildPhase section */

/* Begin PBXSourcesBuildPhase section */
		C210E1C620A8A25C002C2C5C /* Sources */ = {
			isa = PBXSourcesBuildPhase;
			buildActionMask = 2147483647;
			files = (
				C2ACFE7020AAD3F300CE76CF /* NewsService.swift in Sources */,
				C22F3E1820AF6535000411CB /* NewsDetailsAssembly.swift in Sources */,
				C22F3E1A20AF6535000411CB /* NewsDetailsPresenter.swift in Sources */,
				C2BEA56520AA2A960016C499 /* NewsListAssembly.swift in Sources */,
				C22F3E1C20AF6535000411CB /* NewsDetailsRouter.swift in Sources */,
				C2BEA56820AA2A960016C499 /* NewsListInteractor.swift in Sources */,
				C2BEA56720AA2A960016C499 /* NewsListPresenter.swift in Sources */,
				C2ACFE7720AAD4FD00CE76CF /* NewsServiceImpl.swift in Sources */,
				C2ACFE7B20AAD82500CE76CF /* ReusableView.swift in Sources */,
				C22F3E1B20AF6535000411CB /* NewsDetailsInteractor.swift in Sources */,
				C2ACFE7920AAD7E500CE76CF /* UITableView+Dequeueing.swift in Sources */,
				C22F3E1920AF6535000411CB /* NewsDetails.swift in Sources */,
				C2ACFE8220AADDC800CE76CF /* NewsViewModel.swift in Sources */,
				C2BEA56920AA2A960016C499 /* NewsListRouter.swift in Sources */,
				C2ACFE6B20AAD1B800CE76CF /* Assembly.swift in Sources */,
				C2ACFE7520AAD43500CE76CF /* News.swift in Sources */,
				C22F3E1E20AF6535000411CB /* NewsDetailsViewController.swift in Sources */,
				C2BEA56620AA2A960016C499 /* NewsList.swift in Sources */,
				C2BEA55B20AA28E60016C499 /* BaseModuleViewController.swift in Sources */,
				C210E1E920A8A318002C2C5C /* AppDelegate.swift in Sources */,
				C2BEA56B20AA2A960016C499 /* NewsListViewController.swift in Sources */,
			);
			runOnlyForDeploymentPostprocessing = 0;
		};
		C2452B4420BACB5B0067C4FE /* Sources */ = {
			isa = PBXSourcesBuildPhase;
			buildActionMask = 2147483647;
			files = (
				C2452B5920BACBD30067C4FE /* NewsListInteractorTests.swift in Sources */,
				C2452B5F20BAF8A50067C4FE /* NewsListPresenterTests.swift in Sources */,
			);
			runOnlyForDeploymentPostprocessing = 0;
		};
/* End PBXSourcesBuildPhase section */

/* Begin PBXTargetDependency section */
		C2452B4E20BACB5B0067C4FE /* PBXTargetDependency */ = {
			isa = PBXTargetDependency;
			target = C210E1C920A8A25C002C2C5C /* CleanSwiftNews */;
			targetProxy = C2452B4D20BACB5B0067C4FE /* PBXContainerItemProxy */;
		};
/* End PBXTargetDependency section */

/* Begin PBXVariantGroup section */
		C210E1E620A8A317002C2C5C /* LaunchScreen.storyboard */ = {
			isa = PBXVariantGroup;
			children = (
				C210E1E720A8A317002C2C5C /* Base */,
			);
			name = LaunchScreen.storyboard;
			sourceTree = "<group>";
		};
/* End PBXVariantGroup section */

/* Begin XCBuildConfiguration section */
		C210E1DA20A8A25E002C2C5C /* Debug */ = {
			isa = XCBuildConfiguration;
			buildSettings = {
				ALWAYS_SEARCH_USER_PATHS = NO;
				CLANG_ANALYZER_NONNULL = YES;
				CLANG_ANALYZER_NUMBER_OBJECT_CONVERSION = YES_AGGRESSIVE;
				CLANG_CXX_LANGUAGE_STANDARD = "gnu++14";
				CLANG_CXX_LIBRARY = "libc++";
				CLANG_ENABLE_MODULES = YES;
				CLANG_ENABLE_OBJC_ARC = YES;
				CLANG_ENABLE_OBJC_WEAK = YES;
				CLANG_WARN_BLOCK_CAPTURE_AUTORELEASING = YES;
				CLANG_WARN_BOOL_CONVERSION = YES;
				CLANG_WARN_COMMA = YES;
				CLANG_WARN_CONSTANT_CONVERSION = YES;
				CLANG_WARN_DEPRECATED_OBJC_IMPLEMENTATIONS = YES;
				CLANG_WARN_DIRECT_OBJC_ISA_USAGE = YES_ERROR;
				CLANG_WARN_DOCUMENTATION_COMMENTS = YES;
				CLANG_WARN_EMPTY_BODY = YES;
				CLANG_WARN_ENUM_CONVERSION = YES;
				CLANG_WARN_INFINITE_RECURSION = YES;
				CLANG_WARN_INT_CONVERSION = YES;
				CLANG_WARN_NON_LITERAL_NULL_CONVERSION = YES;
				CLANG_WARN_OBJC_IMPLICIT_RETAIN_SELF = YES;
				CLANG_WARN_OBJC_LITERAL_CONVERSION = YES;
				CLANG_WARN_OBJC_ROOT_CLASS = YES_ERROR;
				CLANG_WARN_RANGE_LOOP_ANALYSIS = YES;
				CLANG_WARN_STRICT_PROTOTYPES = YES;
				CLANG_WARN_SUSPICIOUS_MOVE = YES;
				CLANG_WARN_UNGUARDED_AVAILABILITY = YES_AGGRESSIVE;
				CLANG_WARN_UNREACHABLE_CODE = YES;
				CLANG_WARN__DUPLICATE_METHOD_MATCH = YES;
				CODE_SIGN_IDENTITY = "iPhone Developer";
				COPY_PHASE_STRIP = NO;
				DEBUG_INFORMATION_FORMAT = dwarf;
				ENABLE_STRICT_OBJC_MSGSEND = YES;
				ENABLE_TESTABILITY = YES;
				GCC_C_LANGUAGE_STANDARD = gnu11;
				GCC_DYNAMIC_NO_PIC = NO;
				GCC_NO_COMMON_BLOCKS = YES;
				GCC_OPTIMIZATION_LEVEL = 0;
				GCC_PREPROCESSOR_DEFINITIONS = (
					"DEBUG=1",
					"$(inherited)",
				);
				GCC_WARN_64_TO_32_BIT_CONVERSION = YES;
				GCC_WARN_ABOUT_RETURN_TYPE = YES_ERROR;
				GCC_WARN_UNDECLARED_SELECTOR = YES;
				GCC_WARN_UNINITIALIZED_AUTOS = YES_AGGRESSIVE;
				GCC_WARN_UNUSED_FUNCTION = YES;
				GCC_WARN_UNUSED_VARIABLE = YES;
				IPHONEOS_DEPLOYMENT_TARGET = 11.3;
				MTL_ENABLE_DEBUG_INFO = YES;
				ONLY_ACTIVE_ARCH = YES;
				SDKROOT = iphoneos;
				SWIFT_ACTIVE_COMPILATION_CONDITIONS = DEBUG;
				SWIFT_OPTIMIZATION_LEVEL = "-Onone";
			};
			name = Debug;
		};
		C210E1DB20A8A25E002C2C5C /* Release */ = {
			isa = XCBuildConfiguration;
			buildSettings = {
				ALWAYS_SEARCH_USER_PATHS = NO;
				CLANG_ANALYZER_NONNULL = YES;
				CLANG_ANALYZER_NUMBER_OBJECT_CONVERSION = YES_AGGRESSIVE;
				CLANG_CXX_LANGUAGE_STANDARD = "gnu++14";
				CLANG_CXX_LIBRARY = "libc++";
				CLANG_ENABLE_MODULES = YES;
				CLANG_ENABLE_OBJC_ARC = YES;
				CLANG_ENABLE_OBJC_WEAK = YES;
				CLANG_WARN_BLOCK_CAPTURE_AUTORELEASING = YES;
				CLANG_WARN_BOOL_CONVERSION = YES;
				CLANG_WARN_COMMA = YES;
				CLANG_WARN_CONSTANT_CONVERSION = YES;
				CLANG_WARN_DEPRECATED_OBJC_IMPLEMENTATIONS = YES;
				CLANG_WARN_DIRECT_OBJC_ISA_USAGE = YES_ERROR;
				CLANG_WARN_DOCUMENTATION_COMMENTS = YES;
				CLANG_WARN_EMPTY_BODY = YES;
				CLANG_WARN_ENUM_CONVERSION = YES;
				CLANG_WARN_INFINITE_RECURSION = YES;
				CLANG_WARN_INT_CONVERSION = YES;
				CLANG_WARN_NON_LITERAL_NULL_CONVERSION = YES;
				CLANG_WARN_OBJC_IMPLICIT_RETAIN_SELF = YES;
				CLANG_WARN_OBJC_LITERAL_CONVERSION = YES;
				CLANG_WARN_OBJC_ROOT_CLASS = YES_ERROR;
				CLANG_WARN_RANGE_LOOP_ANALYSIS = YES;
				CLANG_WARN_STRICT_PROTOTYPES = YES;
				CLANG_WARN_SUSPICIOUS_MOVE = YES;
				CLANG_WARN_UNGUARDED_AVAILABILITY = YES_AGGRESSIVE;
				CLANG_WARN_UNREACHABLE_CODE = YES;
				CLANG_WARN__DUPLICATE_METHOD_MATCH = YES;
				CODE_SIGN_IDENTITY = "iPhone Developer";
				COPY_PHASE_STRIP = NO;
				DEBUG_INFORMATION_FORMAT = "dwarf-with-dsym";
				ENABLE_NS_ASSERTIONS = NO;
				ENABLE_STRICT_OBJC_MSGSEND = YES;
				GCC_C_LANGUAGE_STANDARD = gnu11;
				GCC_NO_COMMON_BLOCKS = YES;
				GCC_WARN_64_TO_32_BIT_CONVERSION = YES;
				GCC_WARN_ABOUT_RETURN_TYPE = YES_ERROR;
				GCC_WARN_UNDECLARED_SELECTOR = YES;
				GCC_WARN_UNINITIALIZED_AUTOS = YES_AGGRESSIVE;
				GCC_WARN_UNUSED_FUNCTION = YES;
				GCC_WARN_UNUSED_VARIABLE = YES;
				IPHONEOS_DEPLOYMENT_TARGET = 11.3;
				MTL_ENABLE_DEBUG_INFO = NO;
				SDKROOT = iphoneos;
				SWIFT_COMPILATION_MODE = wholemodule;
				SWIFT_OPTIMIZATION_LEVEL = "-O";
				VALIDATE_PRODUCT = YES;
			};
			name = Release;
		};
		C210E1DD20A8A25E002C2C5C /* Debug */ = {
			isa = XCBuildConfiguration;
			buildSettings = {
				ASSETCATALOG_COMPILER_APPICON_NAME = AppIcon;
				CODE_SIGN_STYLE = Automatic;
				INFOPLIST_FILE = "$(SRCROOT)/CleanSwiftNews/SupportingFiles/Info.plist";
				IPHONEOS_DEPLOYMENT_TARGET = 9.0;
				LD_RUNPATH_SEARCH_PATHS = (
					"$(inherited)",
					"@executable_path/Frameworks",
				);
				PRODUCT_BUNDLE_IDENTIFIER = andrei.ogorodnikov.CleanSwiftNews;
				PRODUCT_NAME = "$(TARGET_NAME)";
				SWIFT_VERSION = 4.0;
				TARGETED_DEVICE_FAMILY = "1,2";
			};
			name = Debug;
		};
		C210E1DE20A8A25E002C2C5C /* Release */ = {
			isa = XCBuildConfiguration;
			buildSettings = {
				ASSETCATALOG_COMPILER_APPICON_NAME = AppIcon;
				CODE_SIGN_STYLE = Automatic;
				INFOPLIST_FILE = "$(SRCROOT)/CleanSwiftNews/SupportingFiles/Info.plist";
				IPHONEOS_DEPLOYMENT_TARGET = 9.0;
				LD_RUNPATH_SEARCH_PATHS = (
					"$(inherited)",
					"@executable_path/Frameworks",
				);
				PRODUCT_BUNDLE_IDENTIFIER = andrei.ogorodnikov.CleanSwiftNews;
				PRODUCT_NAME = "$(TARGET_NAME)";
				SWIFT_VERSION = 4.0;
				TARGETED_DEVICE_FAMILY = "1,2";
			};
			name = Release;
		};
		C2452B4F20BACB5B0067C4FE /* Debug */ = {
			isa = XCBuildConfiguration;
			buildSettings = {
				BUNDLE_LOADER = "$(TEST_HOST)";
				CLANG_ENABLE_MODULES = YES;
				CODE_SIGN_STYLE = Automatic;
				INFOPLIST_FILE = CleanSwiftNewsTests/SupportingFiles/Info.plist;
				LD_RUNPATH_SEARCH_PATHS = (
					"$(inherited)",
					"@executable_path/Frameworks",
					"@loader_path/Frameworks",
				);
				PRODUCT_BUNDLE_IDENTIFIER = andrei.ogorodnikov.CleanSwiftNewsTests;
				PRODUCT_NAME = "$(TARGET_NAME)";
				SWIFT_OPTIMIZATION_LEVEL = "-Onone";
				SWIFT_VERSION = 4.0;
				TARGETED_DEVICE_FAMILY = "1,2";
				TEST_HOST = "$(BUILT_PRODUCTS_DIR)/CleanSwiftNews.app/CleanSwiftNews";
			};
			name = Debug;
		};
		C2452B5020BACB5B0067C4FE /* Release */ = {
			isa = XCBuildConfiguration;
			buildSettings = {
				BUNDLE_LOADER = "$(TEST_HOST)";
				CLANG_ENABLE_MODULES = YES;
				CODE_SIGN_STYLE = Automatic;
				INFOPLIST_FILE = CleanSwiftNewsTests/SupportingFiles/Info.plist;
				LD_RUNPATH_SEARCH_PATHS = (
					"$(inherited)",
					"@executable_path/Frameworks",
					"@loader_path/Frameworks",
				);
				PRODUCT_BUNDLE_IDENTIFIER = andrei.ogorodnikov.CleanSwiftNewsTests;
				PRODUCT_NAME = "$(TARGET_NAME)";
				SWIFT_VERSION = 4.0;
				TARGETED_DEVICE_FAMILY = "1,2";
				TEST_HOST = "$(BUILT_PRODUCTS_DIR)/CleanSwiftNews.app/CleanSwiftNews";
			};
			name = Release;
		};
/* End XCBuildConfiguration section */

/* Begin XCConfigurationList section */
		C210E1C520A8A25C002C2C5C /* Build configuration list for PBXProject "CleanSwiftNews" */ = {
			isa = XCConfigurationList;
			buildConfigurations = (
				C210E1DA20A8A25E002C2C5C /* Debug */,
				C210E1DB20A8A25E002C2C5C /* Release */,
			);
			defaultConfigurationIsVisible = 0;
			defaultConfigurationName = Release;
		};
		C210E1DC20A8A25E002C2C5C /* Build configuration list for PBXNativeTarget "CleanSwiftNews" */ = {
			isa = XCConfigurationList;
			buildConfigurations = (
				C210E1DD20A8A25E002C2C5C /* Debug */,
				C210E1DE20A8A25E002C2C5C /* Release */,
			);
			defaultConfigurationIsVisible = 0;
			defaultConfigurationName = Release;
		};
		C2452B5120BACB5B0067C4FE /* Build configuration list for PBXNativeTarget "CleanSwiftNewsTests" */ = {
			isa = XCConfigurationList;
			buildConfigurations = (
				C2452B4F20BACB5B0067C4FE /* Debug */,
				C2452B5020BACB5B0067C4FE /* Release */,
			);
			defaultConfigurationIsVisible = 0;
			defaultConfigurationName = Release;
		};
/* End XCConfigurationList section */
	};
	rootObject = C210E1C220A8A25C002C2C5C /* Project object */;
}
